
Microsoft Visual Studio Solution File, Format Version 12.00
# Visual Studio Version 17
VisualStudioVersion = 17.4.33403.182
MinimumVisualStudioVersion = 10.0.40219.1
Project("{FAE04EC0-301F-11D3-BF4B-00C04F79EFBC}") = "ReactPeopleCars.Web", "ReactPeopleCars.Web\ReactPeopleCars.Web.csproj", "{22B450A3-7EC5-436C-BA21-8A675E1C73F2}"
EndProject
Project("{FAE04EC0-301F-11D3-BF4B-00C04F79EFBC}") = "ReactPeopleCars.Data", "ReactPeopleCars.Data\ReactPeopleCars.Data.csproj", "{99F1CC76-C101-4441-B34B-59E0C9B1D981}"
EndProject
Global
	GlobalSection(SolutionConfigurationPlatforms) = preSolution
		Debug|Any CPU = Debug|Any CPU
		Release|Any CPU = Release|Any CPU
	EndGlobalSection
	GlobalSection(ProjectConfigurationPlatforms) = postSolution
		{22B450A3-7EC5-436C-BA21-8A675E1C73F2}.Debug|Any CPU.ActiveCfg = Debug|Any CPU
		{22B450A3-7EC5-436C-BA21-8A675E1C73F2}.Debug|Any CPU.Build.0 = Debug|Any CPU
		{22B450A3-7EC5-436C-BA21-8A675E1C73F2}.Release|Any CPU.ActiveCfg = Release|Any CPU
		{22B450A3-7EC5-436C-BA21-8A675E1C73F2}.Release|Any CPU.Build.0 = Release|Any CPU
		{99F1CC76-C101-4441-B34B-59E0C9B1D981}.Debug|Any CPU.ActiveCfg = Debug|Any CPU
		{99F1CC76-C101-4441-B34B-59E0C9B1D981}.Debug|Any CPU.Build.0 = Debug|Any CPU
		{99F1CC76-C101-4441-B34B-59E0C9B1D981}.Release|Any CPU.ActiveCfg = Release|Any CPU
		{99F1CC76-C101-4441-B34B-59E0C9B1D981}.Release|Any CPU.Build.0 = Release|Any CPU
	EndGlobalSection
	GlobalSection(SolutionProperties) = preSolution
		HideSolutionNode = FALSE
	EndGlobalSection
	GlobalSection(ExtensibilityGlobals) = postSolution
		SolutionGuid = {48FA6990-4069-4AFD-8071-9B9CDA47707F}
	EndGlobalSection
EndGlobal
